
Microsoft Visual Studio Solution File, Format Version 12.00
# Visual Studio 15
Project("{FAE04EC0-301F-11D3-BF4B-00C04F79EFBC}") = "Assembly-CSharp", "Assembly-CSharp.csproj", "{0757A30B-59D1-6C96-999D-23E9B8FE2514}"
EndProject
Project("{FAE04EC0-301F-11D3-BF4B-00C04F79EFBC}") = "Assembly-CSharp-Editor", "Assembly-CSharp-Editor.csproj", "{96BAA570-5548-12A3-BFAF-CBB24EDCA4AF}"
EndProject
Global
	GlobalSection(SolutionConfigurationPlatforms) = preSolution
		Debug|Any CPU = Debug|Any CPU
		Release|Any CPU = Release|Any CPU
	EndGlobalSection
	GlobalSection(ProjectConfigurationPlatforms) = postSolution
		{0757A30B-59D1-6C96-999D-23E9B8FE2514}.Debug|Any CPU.ActiveCfg = Debug|Any CPU
		{0757A30B-59D1-6C96-999D-23E9B8FE2514}.Debug|Any CPU.Build.0 = Debug|Any CPU
		{0757A30B-59D1-6C96-999D-23E9B8FE2514}.Release|Any CPU.ActiveCfg = Release|Any CPU
		{0757A30B-59D1-6C96-999D-23E9B8FE2514}.Release|Any CPU.Build.0 = Release|Any CPU
		{96BAA570-5548-12A3-BFAF-CBB24EDCA4AF}.Debug|Any CPU.ActiveCfg = Debug|Any CPU
		{96BAA570-5548-12A3-BFAF-CBB24EDCA4AF}.Debug|Any CPU.Build.0 = Debug|Any CPU
		{96BAA570-5548-12A3-BFAF-CBB24EDCA4AF}.Release|Any CPU.ActiveCfg = Release|Any CPU
		{96BAA570-5548-12A3-BFAF-CBB24EDCA4AF}.Release|Any CPU.Build.0 = Release|Any CPU
	EndGlobalSection
	GlobalSection(SolutionProperties) = preSolution
		HideSolutionNode = FALSE
	EndGlobalSection
EndGlobal
