
Microsoft Visual Studio Solution File, Format Version 12.00
# Visual Studio 15
Project("{FAE04EC0-301F-11D3-BF4B-00C04F79EFBC}") = "Assembly-CSharp", "Assembly-CSharp.csproj", "{83E02E1C-E0A2-3BA8-BECF-EF8F693F4B5A}"
EndProject
Project("{FAE04EC0-301F-11D3-BF4B-00C04F79EFBC}") = "Assembly-CSharp-Editor", "Assembly-CSharp-Editor.csproj", "{96533485-5D51-C8B0-A33C-13176A99A087}"
EndProject
Global
	GlobalSection(SolutionConfigurationPlatforms) = preSolution
		Debug|Any CPU = Debug|Any CPU
		Release|Any CPU = Release|Any CPU
	EndGlobalSection
	GlobalSection(ProjectConfigurationPlatforms) = postSolution
		{83E02E1C-E0A2-3BA8-BECF-EF8F693F4B5A}.Debug|Any CPU.ActiveCfg = Debug|Any CPU
		{83E02E1C-E0A2-3BA8-BECF-EF8F693F4B5A}.Debug|Any CPU.Build.0 = Debug|Any CPU
		{83E02E1C-E0A2-3BA8-BECF-EF8F693F4B5A}.Release|Any CPU.ActiveCfg = Release|Any CPU
		{83E02E1C-E0A2-3BA8-BECF-EF8F693F4B5A}.Release|Any CPU.Build.0 = Release|Any CPU
		{96533485-5D51-C8B0-A33C-13176A99A087}.Debug|Any CPU.ActiveCfg = Debug|Any CPU
		{96533485-5D51-C8B0-A33C-13176A99A087}.Debug|Any CPU.Build.0 = Debug|Any CPU
		{96533485-5D51-C8B0-A33C-13176A99A087}.Release|Any CPU.ActiveCfg = Release|Any CPU
		{96533485-5D51-C8B0-A33C-13176A99A087}.Release|Any CPU.Build.0 = Release|Any CPU
	EndGlobalSection
	GlobalSection(SolutionProperties) = preSolution
		HideSolutionNode = FALSE
	EndGlobalSection
EndGlobal
